
Microsoft Visual Studio Solution File, Format Version 12.00
# Visual Studio Version 17
VisualStudioVersion = 17.13.35825.156 d17.13
MinimumVisualStudioVersion = 10.0.40219.1
Project("{FAE04EC0-301F-11D3-BF4B-00C04F79EFBC}") = "CsEvoSim", "CsEvoSim\CsEvoSim.csproj", "{1984854D-22AA-579A-468A-861983CFA46C}"
EndProject
Global
	GlobalSection(SolutionConfigurationPlatforms) = preSolution
		Debug|Any CPU = Debug|Any CPU
		Release|Any CPU = Release|Any CPU
	EndGlobalSection
	GlobalSection(ProjectConfigurationPlatforms) = postSolution
		{1984854D-22AA-579A-468A-861983CFA46C}.Debug|Any CPU.ActiveCfg = Debug|Any CPU
		{1984854D-22AA-579A-468A-861983CFA46C}.Debug|Any CPU.Build.0 = Debug|Any CPU
		{1984854D-22AA-579A-468A-861983CFA46C}.Release|Any CPU.ActiveCfg = Release|Any CPU
		{1984854D-22AA-579A-468A-861983CFA46C}.Release|Any CPU.Build.0 = Release|Any CPU
	EndGlobalSection
	GlobalSection(SolutionProperties) = preSolution
		HideSolutionNode = FALSE
	EndGlobalSection
	GlobalSection(ExtensibilityGlobals) = postSolution
		SolutionGuid = {DB681CDD-8707-4D69-8D8A-6C9765E5B609}
	EndGlobalSection
EndGlobal
